
Microsoft Visual Studio Solution File, Format Version 12.00
# Visual Studio Version 16
VisualStudioVersion = 16.0.29728.190
MinimumVisualStudioVersion = 10.0.40219.1
Project("{8BC9CEB8-8B4A-11D0-8D11-00A0C91BC942}") = "Project1", "Project1\Project1.vcxproj", "{0E61A180-0BF8-40AC-BA1F-DAEB04A679C0}"
EndProject
Project("{8BC9CEB8-8B4A-11D0-8D11-00A0C91BC942}") = "Project2", "Project2\Project2.vcxproj", "{E74BF622-654F-4FBC-899E-0514D16CD811}"
EndProject
Project("{8BC9CEB8-8B4A-11D0-8D11-00A0C91BC942}") = "Project3", "Project3\Project3.vcxproj", "{E1548D67-7BDF-49EA-B4F2-96E48B3E84D1}"
EndProject
Project("{8BC9CEB8-8B4A-11D0-8D11-00A0C91BC942}") = "Project4", "Project4\Project4.vcxproj", "{B21DBF87-4D36-42EA-8C9E-94E592042FBC}"
EndProject
Project("{8BC9CEB8-8B4A-11D0-8D11-00A0C91BC942}") = "Project5", "Project5\Project5.vcxproj", "{667F56C0-ECB0-4296-9A1F-5F174F1DBCAF}"
EndProject
Project("{8BC9CEB8-8B4A-11D0-8D11-00A0C91BC942}") = "Project6", "Project6\Project6.vcxproj", "{4A90B016-1B23-4893-A2D4-5189CC004B94}"
EndProject
Global
	GlobalSection(SolutionConfigurationPlatforms) = preSolution
		Debug|x64 = Debug|x64
		Debug|x86 = Debug|x86
		Release|x64 = Release|x64
		Release|x86 = Release|x86
	EndGlobalSection
	GlobalSection(ProjectConfigurationPlatforms) = postSolution
		{0E61A180-0BF8-40AC-BA1F-DAEB04A679C0}.Debug|x64.ActiveCfg = Debug|x64
		{0E61A180-0BF8-40AC-BA1F-DAEB04A679C0}.Debug|x64.Build.0 = Debug|x64
		{0E61A180-0BF8-40AC-BA1F-DAEB04A679C0}.Debug|x86.ActiveCfg = Debug|Win32
		{0E61A180-0BF8-40AC-BA1F-DAEB04A679C0}.Debug|x86.Build.0 = Debug|Win32
		{0E61A180-0BF8-40AC-BA1F-DAEB04A679C0}.Release|x64.ActiveCfg = Release|x64
		{0E61A180-0BF8-40AC-BA1F-DAEB04A679C0}.Release|x64.Build.0 = Release|x64
		{0E61A180-0BF8-40AC-BA1F-DAEB04A679C0}.Release|x86.ActiveCfg = Release|Win32
		{0E61A180-0BF8-40AC-BA1F-DAEB04A679C0}.Release|x86.Build.0 = Release|Win32
		{E74BF622-654F-4FBC-899E-0514D16CD811}.Debug|x64.ActiveCfg = Debug|x64
		{E74BF622-654F-4FBC-899E-0514D16CD811}.Debug|x64.Build.0 = Debug|x64
		{E74BF622-654F-4FBC-899E-0514D16CD811}.Debug|x86.ActiveCfg = Debug|Win32
		{E74BF622-654F-4FBC-899E-0514D16CD811}.Debug|x86.Build.0 = Debug|Win32
		{E74BF622-654F-4FBC-899E-0514D16CD811}.Release|x64.ActiveCfg = Release|x64
		{E74BF622-654F-4FBC-899E-0514D16CD811}.Release|x64.Build.0 = Release|x64
		{E74BF622-654F-4FBC-899E-0514D16CD811}.Release|x86.ActiveCfg = Release|Win32
		{E74BF622-654F-4FBC-899E-0514D16CD811}.Release|x86.Build.0 = Release|Win32
		{E1548D67-7BDF-49EA-B4F2-96E48B3E84D1}.Debug|x64.ActiveCfg = Debug|x64
		{E1548D67-7BDF-49EA-B4F2-96E48B3E84D1}.Debug|x64.Build.0 = Debug|x64
		{E1548D67-7BDF-49EA-B4F2-96E48B3E84D1}.Debug|x86.ActiveCfg = Debug|Win32
		{E1548D67-7BDF-49EA-B4F2-96E48B3E84D1}.Debug|x86.Build.0 = Debug|Win32
		{E1548D67-7BDF-49EA-B4F2-96E48B3E84D1}.Release|x64.ActiveCfg = Release|x64
		{E1548D67-7BDF-49EA-B4F2-96E48B3E84D1}.Release|x64.Build.0 = Release|x64
		{E1548D67-7BDF-49EA-B4F2-96E48B3E84D1}.Release|x86.ActiveCfg = Release|Win32
		{E1548D67-7BDF-49EA-B4F2-96E48B3E84D1}.Release|x86.Build.0 = Release|Win32
		{B21DBF87-4D36-42EA-8C9E-94E592042FBC}.Debug|x64.ActiveCfg = Debug|x64
		{B21DBF87-4D36-42EA-8C9E-94E592042FBC}.Debug|x64.Build.0 = Debug|x64
		{B21DBF87-4D36-42EA-8C9E-94E592042FBC}.Debug|x86.ActiveCfg = Debug|Win32
		{B21DBF87-4D36-42EA-8C9E-94E592042FBC}.Debug|x86.Build.0 = Debug|Win32
		{B21DBF87-4D36-42EA-8C9E-94E592042FBC}.Release|x64.ActiveCfg = Release|x64
		{B21DBF87-4D36-42EA-8C9E-94E592042FBC}.Release|x64.Build.0 = Release|x64
		{B21DBF87-4D36-42EA-8C9E-94E592042FBC}.Release|x86.ActiveCfg = Release|Win32
		{B21DBF87-4D36-42EA-8C9E-94E592042FBC}.Release|x86.Build.0 = Release|Win32
		{667F56C0-ECB0-4296-9A1F-5F174F1DBCAF}.Debug|x64.ActiveCfg = Debug|x64
		{667F56C0-ECB0-4296-9A1F-5F174F1DBCAF}.Debug|x64.Build.0 = Debug|x64
		{667F56C0-ECB0-4296-9A1F-5F174F1DBCAF}.Debug|x86.ActiveCfg = Debug|Win32
		{667F56C0-ECB0-4296-9A1F-5F174F1DBCAF}.Debug|x86.Build.0 = Debug|Win32
		{667F56C0-ECB0-4296-9A1F-5F174F1DBCAF}.Release|x64.ActiveCfg = Release|x64
		{667F56C0-ECB0-4296-9A1F-5F174F1DBCAF}.Release|x64.Build.0 = Release|x64
		{667F56C0-ECB0-4296-9A1F-5F174F1DBCAF}.Release|x86.ActiveCfg = Release|Win32
		{667F56C0-ECB0-4296-9A1F-5F174F1DBCAF}.Release|x86.Build.0 = Release|Win32
		{4A90B016-1B23-4893-A2D4-5189CC004B94}.Debug|x64.ActiveCfg = Debug|x64
		{4A90B016-1B23-4893-A2D4-5189CC004B94}.Debug|x64.Build.0 = Debug|x64
		{4A90B016-1B23-4893-A2D4-5189CC004B94}.Debug|x86.ActiveCfg = Debug|Win32
		{4A90B016-1B23-4893-A2D4-5189CC004B94}.Debug|x86.Build.0 = Debug|Win32
		{4A90B016-1B23-4893-A2D4-5189CC004B94}.Release|x64.ActiveCfg = Release|x64
		{4A90B016-1B23-4893-A2D4-5189CC004B94}.Release|x64.Build.0 = Release|x64
		{4A90B016-1B23-4893-A2D4-5189CC004B94}.Release|x86.ActiveCfg = Release|Win32
		{4A90B016-1B23-4893-A2D4-5189CC004B94}.Release|x86.Build.0 = Release|Win32
	EndGlobalSection
	GlobalSection(SolutionProperties) = preSolution
		HideSolutionNode = FALSE
	EndGlobalSection
	GlobalSection(ExtensibilityGlobals) = postSolution
		SolutionGuid = {D5774BC4-1DC6-4F1B-BCEA-29F03E932944}
	EndGlobalSection
EndGlobal
